Microsoft Visual Studio Solution File, Format Version 12.00
# Visual Studio 2012
Project("{FAE04EC0-301F-11D3-BF4B-00C04F79EFBC}") = "Godot Hexgrid Mono", "Godot Hexgrid Mono.csproj", "{0B6EB5C8-1328-43DC-A78B-D8BE109BFF76}"
EndProject
Global
	GlobalSection(SolutionConfigurationPlatforms) = preSolution
	Debug|Any CPU = Debug|Any CPU
	ExportDebug|Any CPU = ExportDebug|Any CPU
	ExportRelease|Any CPU = ExportRelease|Any CPU
	EndGlobalSection
	GlobalSection(ProjectConfigurationPlatforms) = postSolution
		{0B6EB5C8-1328-43DC-A78B-D8BE109BFF76}.Debug|Any CPU.ActiveCfg = Debug|Any CPU
		{0B6EB5C8-1328-43DC-A78B-D8BE109BFF76}.Debug|Any CPU.Build.0 = Debug|Any CPU
		{0B6EB5C8-1328-43DC-A78B-D8BE109BFF76}.ExportDebug|Any CPU.ActiveCfg = ExportDebug|Any CPU
		{0B6EB5C8-1328-43DC-A78B-D8BE109BFF76}.ExportDebug|Any CPU.Build.0 = ExportDebug|Any CPU
		{0B6EB5C8-1328-43DC-A78B-D8BE109BFF76}.ExportRelease|Any CPU.ActiveCfg = ExportRelease|Any CPU
		{0B6EB5C8-1328-43DC-A78B-D8BE109BFF76}.ExportRelease|Any CPU.Build.0 = ExportRelease|Any CPU
	EndGlobalSection
EndGlobal
